
Microsoft Visual Studio Solution File, Format Version 12.00
# Visual Studio Version 17
VisualStudioVersion = 17.7.34031.279
MinimumVisualStudioVersion = 10.0.40219.1
Project("{8BC9CEB8-8B4A-11D0-8D11-00A0C91BC942}") = "lab6", "lab6.vcxproj", "{F30B6537-8343-4DD6-95B6-ADC5E32FA616}"
EndProject
Global
	GlobalSection(SolutionConfigurationPlatforms) = preSolution
		Debug|x64 = Debug|x64
		Debug|x86 = Debug|x86
		Release|x64 = Release|x64
		Release|x86 = Release|x86
	EndGlobalSection
	GlobalSection(ProjectConfigurationPlatforms) = postSolution
		{F30B6537-8343-4DD6-95B6-ADC5E32FA616}.Debug|x64.ActiveCfg = Debug|x64
		{F30B6537-8343-4DD6-95B6-ADC5E32FA616}.Debug|x64.Build.0 = Debug|x64
		{F30B6537-8343-4DD6-95B6-ADC5E32FA616}.Debug|x86.ActiveCfg = Debug|Win32
		{F30B6537-8343-4DD6-95B6-ADC5E32FA616}.Debug|x86.Build.0 = Debug|Win32
		{F30B6537-8343-4DD6-95B6-ADC5E32FA616}.Release|x64.ActiveCfg = Release|x64
		{F30B6537-8343-4DD6-95B6-ADC5E32FA616}.Release|x64.Build.0 = Release|x64
		{F30B6537-8343-4DD6-95B6-ADC5E32FA616}.Release|x86.ActiveCfg = Release|Win32
		{F30B6537-8343-4DD6-95B6-ADC5E32FA616}.Release|x86.Build.0 = Release|Win32
	EndGlobalSection
	GlobalSection(SolutionProperties) = preSolution
		HideSolutionNode = FALSE
	EndGlobalSection
	GlobalSection(ExtensibilityGlobals) = postSolution
		SolutionGuid = {B8CE07B1-085E-461B-BF83-DC46E1CB5EBE}
	EndGlobalSection
EndGlobal
